{
  "name": "@agent-analytics/cli",
  "version": "0.5.33",
  "lockfileVersion": 3,
  "requires": true,
  "packages": {
    "": {
      "name": "@agent-analytics/cli",
      "version": "0.5.33",
      "license": "MIT",
      "dependencies": {
        "@zowe/secrets-for-zowe-sdk": "^8.32.0"
      },
      "bin": {
        "agent-analytics": "bin/cli.mjs"
      },
      "engines": {
        "node": ">=18"
      }
    },
    "node_modules/@zowe/secrets-for-zowe-sdk": {
      "version": "8.32.0",
      "resolved": "https://registry.npmjs.org/@zowe/secrets-for-zowe-sdk/-/secrets-for-zowe-sdk-8.32.0.tgz",
      "integrity": "sha512-nOKlBqvKs0eMJlBVDF2cbb/vlRlXjsu8TUQjf741S4I2XeiovJUh1iuisiI5a5SMnDXmtiGYoei80KrYw/jPZw==",
      "hasInstallScript": true,
      "license": "EPL-2.0",
      "engines": {
        "node": ">=14"
      }
    }
  }
}
